
Microsoft Visual Studio Solution File, Format Version 11.00
# Visual Studio 2010
Project("{FAE04EC0-301F-11D3-BF4B-00C04F79EFBC}") = "DesignPattern", "DesignPattern\DesignPattern.csproj", "{B7FE23DA-87D8-44F7-81FE-A20B5350C36C}"
EndProject
Project("{FAE04EC0-301F-11D3-BF4B-00C04F79EFBC}") = "AdapterPattern", "AdapterPattern\AdapterPattern.csproj", "{DD286676-3E8E-4C62-A478-099127ADD07E}"
EndProject
Project("{FAE04EC0-301F-11D3-BF4B-00C04F79EFBC}") = "BuilderPattern", "BridgePattern\BuilderPattern.csproj", "{F1567E59-18BC-413D-8B4B-0BF07194D26E}"
EndProject
Project("{FAE04EC0-301F-11D3-BF4B-00C04F79EFBC}") = "BridgePattern", "BuilderPattern\BridgePattern.csproj", "{892E3544-6A00-4203-87E4-D387C7C40D14}"
EndProject
Project("{FAE04EC0-301F-11D3-BF4B-00C04F79EFBC}") = "FactoryPattern", "FactoryPattern\FactoryPattern.csproj", "{4E056AD0-9211-41BA-9BA6-1ECE5AFCADAB}"
EndProject
Project("{FAE04EC0-301F-11D3-BF4B-00C04F79EFBC}") = "PrototypePattern", "PrototypePattern\PrototypePattern.csproj", "{328CD21E-7C11-498D-9A06-0638FD3EB527}"
EndProject
Project("{FAE04EC0-301F-11D3-BF4B-00C04F79EFBC}") = "SingletonPattern", "SingletonPattern\SingletonPattern.csproj", "{77AE9FE8-CA12-4F5A-8BA9-B08BC955C733}"
EndProject
Project("{FAE04EC0-301F-11D3-BF4B-00C04F79EFBC}") = "CompositePattern", "CompositePattern\CompositePattern.csproj", "{3CB0600F-73D6-46CC-ABC5-DD5F03CC0FB1}"
EndProject
Project("{FAE04EC0-301F-11D3-BF4B-00C04F79EFBC}") = "DecoratorPattern", "DecoratorPattern\DecoratorPattern.csproj", "{F894D2DC-9086-4B8D-A582-B666F47937EC}"
EndProject
Project("{FAE04EC0-301F-11D3-BF4B-00C04F79EFBC}") = "FacadePattern", "FacadePattern\FacadePattern.csproj", "{B694C668-0338-4355-A034-77E500E2E759}"
EndProject
Project("{FAE04EC0-301F-11D3-BF4B-00C04F79EFBC}") = "FlyweightPattern", "FlyweightPattern\FlyweightPattern.csproj", "{E26ABAC9-9746-463A-B6FD-78F94A6E5150}"
EndProject
Project("{FAE04EC0-301F-11D3-BF4B-00C04F79EFBC}") = "ProxyPattern", "ProxyPattern\ProxyPattern.csproj", "{1EA1D741-C5D8-478B-A6FB-3DA8EF273845}"
EndProject
Project("{FAE04EC0-301F-11D3-BF4B-00C04F79EFBC}") = "ChainOfResponsibilityPattern", "ChainOfResponsibilityPattern\ChainOfResponsibilityPattern.csproj", "{FEDDA8B3-E90A-4F2A-86A4-EDA2250AF6CA}"
EndProject
Global
	GlobalSection(SolutionConfigurationPlatforms) = preSolution
		Debug|Any CPU = Debug|Any CPU
		Debug|Mixed Platforms = Debug|Mixed Platforms
		Debug|x86 = Debug|x86
		Release|Any CPU = Release|Any CPU
		Release|Mixed Platforms = Release|Mixed Platforms
		Release|x86 = Release|x86
	EndGlobalSection
	GlobalSection(ProjectConfigurationPlatforms) = postSolution
		{B7FE23DA-87D8-44F7-81FE-A20B5350C36C}.Debug|Any CPU.ActiveCfg = Debug|x86
		{B7FE23DA-87D8-44F7-81FE-A20B5350C36C}.Debug|Mixed Platforms.ActiveCfg = Debug|x86
		{B7FE23DA-87D8-44F7-81FE-A20B5350C36C}.Debug|Mixed Platforms.Build.0 = Debug|x86
		{B7FE23DA-87D8-44F7-81FE-A20B5350C36C}.Debug|x86.ActiveCfg = Debug|x86
		{B7FE23DA-87D8-44F7-81FE-A20B5350C36C}.Debug|x86.Build.0 = Debug|x86
		{B7FE23DA-87D8-44F7-81FE-A20B5350C36C}.Release|Any CPU.ActiveCfg = Release|x86
		{B7FE23DA-87D8-44F7-81FE-A20B5350C36C}.Release|Mixed Platforms.ActiveCfg = Release|x86
		{B7FE23DA-87D8-44F7-81FE-A20B5350C36C}.Release|Mixed Platforms.Build.0 = Release|x86
		{B7FE23DA-87D8-44F7-81FE-A20B5350C36C}.Release|x86.ActiveCfg = Release|x86
		{B7FE23DA-87D8-44F7-81FE-A20B5350C36C}.Release|x86.Build.0 = Release|x86
		{DD286676-3E8E-4C62-A478-099127ADD07E}.Debug|Any CPU.ActiveCfg = Debug|x86
		{DD286676-3E8E-4C62-A478-099127ADD07E}.Debug|Mixed Platforms.ActiveCfg = Debug|x86
		{DD286676-3E8E-4C62-A478-099127ADD07E}.Debug|Mixed Platforms.Build.0 = Debug|x86
		{DD286676-3E8E-4C62-A478-099127ADD07E}.Debug|x86.ActiveCfg = Debug|x86
		{DD286676-3E8E-4C62-A478-099127ADD07E}.Debug|x86.Build.0 = Debug|x86
		{DD286676-3E8E-4C62-A478-099127ADD07E}.Release|Any CPU.ActiveCfg = Release|x86
		{DD286676-3E8E-4C62-A478-099127ADD07E}.Release|Mixed Platforms.ActiveCfg = Release|x86
		{DD286676-3E8E-4C62-A478-099127ADD07E}.Release|Mixed Platforms.Build.0 = Release|x86
		{DD286676-3E8E-4C62-A478-099127ADD07E}.Release|x86.ActiveCfg = Release|x86
		{DD286676-3E8E-4C62-A478-099127ADD07E}.Release|x86.Build.0 = Release|x86
		{F1567E59-18BC-413D-8B4B-0BF07194D26E}.Debug|Any CPU.ActiveCfg = Debug|x86
		{F1567E59-18BC-413D-8B4B-0BF07194D26E}.Debug|Mixed Platforms.ActiveCfg = Debug|x86
		{F1567E59-18BC-413D-8B4B-0BF07194D26E}.Debug|Mixed Platforms.Build.0 = Debug|x86
		{F1567E59-18BC-413D-8B4B-0BF07194D26E}.Debug|x86.ActiveCfg = Debug|x86
		{F1567E59-18BC-413D-8B4B-0BF07194D26E}.Debug|x86.Build.0 = Debug|x86
		{F1567E59-18BC-413D-8B4B-0BF07194D26E}.Release|Any CPU.ActiveCfg = Release|x86
		{F1567E59-18BC-413D-8B4B-0BF07194D26E}.Release|Mixed Platforms.ActiveCfg = Release|x86
		{F1567E59-18BC-413D-8B4B-0BF07194D26E}.Release|Mixed Platforms.Build.0 = Release|x86
		{F1567E59-18BC-413D-8B4B-0BF07194D26E}.Release|x86.ActiveCfg = Release|x86
		{F1567E59-18BC-413D-8B4B-0BF07194D26E}.Release|x86.Build.0 = Release|x86
		{892E3544-6A00-4203-87E4-D387C7C40D14}.Debug|Any CPU.ActiveCfg = Debug|x86
		{892E3544-6A00-4203-87E4-D387C7C40D14}.Debug|Mixed Platforms.ActiveCfg = Debug|x86
		{892E3544-6A00-4203-87E4-D387C7C40D14}.Debug|Mixed Platforms.Build.0 = Debug|x86
		{892E3544-6A00-4203-87E4-D387C7C40D14}.Debug|x86.ActiveCfg = Debug|x86
		{892E3544-6A00-4203-87E4-D387C7C40D14}.Debug|x86.Build.0 = Debug|x86
		{892E3544-6A00-4203-87E4-D387C7C40D14}.Release|Any CPU.ActiveCfg = Release|x86
		{892E3544-6A00-4203-87E4-D387C7C40D14}.Release|Mixed Platforms.ActiveCfg = Release|x86
		{892E3544-6A00-4203-87E4-D387C7C40D14}.Release|Mixed Platforms.Build.0 = Release|x86
		{892E3544-6A00-4203-87E4-D387C7C40D14}.Release|x86.ActiveCfg = Release|x86
		{892E3544-6A00-4203-87E4-D387C7C40D14}.Release|x86.Build.0 = Release|x86
		{4E056AD0-9211-41BA-9BA6-1ECE5AFCADAB}.Debug|Any CPU.ActiveCfg = Debug|x86
		{4E056AD0-9211-41BA-9BA6-1ECE5AFCADAB}.Debug|Mixed Platforms.ActiveCfg = Debug|x86
		{4E056AD0-9211-41BA-9BA6-1ECE5AFCADAB}.Debug|Mixed Platforms.Build.0 = Debug|x86
		{4E056AD0-9211-41BA-9BA6-1ECE5AFCADAB}.Debug|x86.ActiveCfg = Debug|x86
		{4E056AD0-9211-41BA-9BA6-1ECE5AFCADAB}.Debug|x86.Build.0 = Debug|x86
		{4E056AD0-9211-41BA-9BA6-1ECE5AFCADAB}.Release|Any CPU.ActiveCfg = Release|x86
		{4E056AD0-9211-41BA-9BA6-1ECE5AFCADAB}.Release|Mixed Platforms.ActiveCfg = Release|x86
		{4E056AD0-9211-41BA-9BA6-1ECE5AFCADAB}.Release|Mixed Platforms.Build.0 = Release|x86
		{4E056AD0-9211-41BA-9BA6-1ECE5AFCADAB}.Release|x86.ActiveCfg = Release|x86
		{4E056AD0-9211-41BA-9BA6-1ECE5AFCADAB}.Release|x86.Build.0 = Release|x86
		{328CD21E-7C11-498D-9A06-0638FD3EB527}.Debug|Any CPU.ActiveCfg = Debug|x86
		{328CD21E-7C11-498D-9A06-0638FD3EB527}.Debug|Mixed Platforms.ActiveCfg = Debug|x86
		{328CD21E-7C11-498D-9A06-0638FD3EB527}.Debug|Mixed Platforms.Build.0 = Debug|x86
		{328CD21E-7C11-498D-9A06-0638FD3EB527}.Debug|x86.ActiveCfg = Debug|x86
		{328CD21E-7C11-498D-9A06-0638FD3EB527}.Debug|x86.Build.0 = Debug|x86
		{328CD21E-7C11-498D-9A06-0638FD3EB527}.Release|Any CPU.ActiveCfg = Release|x86
		{328CD21E-7C11-498D-9A06-0638FD3EB527}.Release|Mixed Platforms.ActiveCfg = Release|x86
		{328CD21E-7C11-498D-9A06-0638FD3EB527}.Release|Mixed Platforms.Build.0 = Release|x86
		{328CD21E-7C11-498D-9A06-0638FD3EB527}.Release|x86.ActiveCfg = Release|x86
		{328CD21E-7C11-498D-9A06-0638FD3EB527}.Release|x86.Build.0 = Release|x86
		{77AE9FE8-CA12-4F5A-8BA9-B08BC955C733}.Debug|Any CPU.ActiveCfg = Debug|x86
		{77AE9FE8-CA12-4F5A-8BA9-B08BC955C733}.Debug|Mixed Platforms.ActiveCfg = Debug|x86
		{77AE9FE8-CA12-4F5A-8BA9-B08BC955C733}.Debug|Mixed Platforms.Build.0 = Debug|x86
		{77AE9FE8-CA12-4F5A-8BA9-B08BC955C733}.Debug|x86.ActiveCfg = Debug|x86
		{77AE9FE8-CA12-4F5A-8BA9-B08BC955C733}.Debug|x86.Build.0 = Debug|x86
		{77AE9FE8-CA12-4F5A-8BA9-B08BC955C733}.Release|Any CPU.ActiveCfg = Release|x86
		{77AE9FE8-CA12-4F5A-8BA9-B08BC955C733}.Release|Mixed Platforms.ActiveCfg = Release|x86
		{77AE9FE8-CA12-4F5A-8BA9-B08BC955C733}.Release|Mixed Platforms.Build.0 = Release|x86
		{77AE9FE8-CA12-4F5A-8BA9-B08BC955C733}.Release|x86.ActiveCfg = Release|x86
		{77AE9FE8-CA12-4F5A-8BA9-B08BC955C733}.Release|x86.Build.0 = Release|x86
		{3CB0600F-73D6-46CC-ABC5-DD5F03CC0FB1}.Debug|Any CPU.ActiveCfg = Debug|x86
		{3CB0600F-73D6-46CC-ABC5-DD5F03CC0FB1}.Debug|Mixed Platforms.ActiveCfg = Debug|x86
		{3CB0600F-73D6-46CC-ABC5-DD5F03CC0FB1}.Debug|Mixed Platforms.Build.0 = Debug|x86
		{3CB0600F-73D6-46CC-ABC5-DD5F03CC0FB1}.Debug|x86.ActiveCfg = Debug|x86
		{3CB0600F-73D6-46CC-ABC5-DD5F03CC0FB1}.Debug|x86.Build.0 = Debug|x86
		{3CB0600F-73D6-46CC-ABC5-DD5F03CC0FB1}.Release|Any CPU.ActiveCfg = Release|x86
		{3CB0600F-73D6-46CC-ABC5-DD5F03CC0FB1}.Release|Mixed Platforms.ActiveCfg = Release|x86
		{3CB0600F-73D6-46CC-ABC5-DD5F03CC0FB1}.Release|Mixed Platforms.Build.0 = Release|x86
		{3CB0600F-73D6-46CC-ABC5-DD5F03CC0FB1}.Release|x86.ActiveCfg = Release|x86
		{3CB0600F-73D6-46CC-ABC5-DD5F03CC0FB1}.Release|x86.Build.0 = Release|x86
		{F894D2DC-9086-4B8D-A582-B666F47937EC}.Debug|Any CPU.ActiveCfg = Debug|x86
		{F894D2DC-9086-4B8D-A582-B666F47937EC}.Debug|Mixed Platforms.ActiveCfg = Debug|x86
		{F894D2DC-9086-4B8D-A582-B666F47937EC}.Debug|Mixed Platforms.Build.0 = Debug|x86
		{F894D2DC-9086-4B8D-A582-B666F47937EC}.Debug|x86.ActiveCfg = Debug|x86
		{F894D2DC-9086-4B8D-A582-B666F47937EC}.Debug|x86.Build.0 = Debug|x86
		{F894D2DC-9086-4B8D-A582-B666F47937EC}.Release|Any CPU.ActiveCfg = Release|x86
		{F894D2DC-9086-4B8D-A582-B666F47937EC}.Release|Mixed Platforms.ActiveCfg = Release|x86
		{F894D2DC-9086-4B8D-A582-B666F47937EC}.Release|Mixed Platforms.Build.0 = Release|x86
		{F894D2DC-9086-4B8D-A582-B666F47937EC}.Release|x86.ActiveCfg = Release|x86
		{F894D2DC-9086-4B8D-A582-B666F47937EC}.Release|x86.Build.0 = Release|x86
		{B694C668-0338-4355-A034-77E500E2E759}.Debug|Any CPU.ActiveCfg = Debug|x86
		{B694C668-0338-4355-A034-77E500E2E759}.Debug|Mixed Platforms.ActiveCfg = Debug|x86
		{B694C668-0338-4355-A034-77E500E2E759}.Debug|Mixed Platforms.Build.0 = Debug|x86
		{B694C668-0338-4355-A034-77E500E2E759}.Debug|x86.ActiveCfg = Debug|x86
		{B694C668-0338-4355-A034-77E500E2E759}.Debug|x86.Build.0 = Debug|x86
		{B694C668-0338-4355-A034-77E500E2E759}.Release|Any CPU.ActiveCfg = Release|x86
		{B694C668-0338-4355-A034-77E500E2E759}.Release|Mixed Platforms.ActiveCfg = Release|x86
		{B694C668-0338-4355-A034-77E500E2E759}.Release|Mixed Platforms.Build.0 = Release|x86
		{B694C668-0338-4355-A034-77E500E2E759}.Release|x86.ActiveCfg = Release|x86
		{B694C668-0338-4355-A034-77E500E2E759}.Release|x86.Build.0 = Release|x86
		{E26ABAC9-9746-463A-B6FD-78F94A6E5150}.Debug|Any CPU.ActiveCfg = Debug|x86
		{E26ABAC9-9746-463A-B6FD-78F94A6E5150}.Debug|Mixed Platforms.ActiveCfg = Debug|x86
		{E26ABAC9-9746-463A-B6FD-78F94A6E5150}.Debug|Mixed Platforms.Build.0 = Debug|x86
		{E26ABAC9-9746-463A-B6FD-78F94A6E5150}.Debug|x86.ActiveCfg = Debug|x86
		{E26ABAC9-9746-463A-B6FD-78F94A6E5150}.Debug|x86.Build.0 = Debug|x86
		{E26ABAC9-9746-463A-B6FD-78F94A6E5150}.Release|Any CPU.ActiveCfg = Release|x86
		{E26ABAC9-9746-463A-B6FD-78F94A6E5150}.Release|Mixed Platforms.ActiveCfg = Release|x86
		{E26ABAC9-9746-463A-B6FD-78F94A6E5150}.Release|Mixed Platforms.Build.0 = Release|x86
		{E26ABAC9-9746-463A-B6FD-78F94A6E5150}.Release|x86.ActiveCfg = Release|x86
		{E26ABAC9-9746-463A-B6FD-78F94A6E5150}.Release|x86.Build.0 = Release|x86
		{1EA1D741-C5D8-478B-A6FB-3DA8EF273845}.Debug|Any CPU.ActiveCfg = Debug|x86
		{1EA1D741-C5D8-478B-A6FB-3DA8EF273845}.Debug|Mixed Platforms.ActiveCfg = Debug|x86
		{1EA1D741-C5D8-478B-A6FB-3DA8EF273845}.Debug|Mixed Platforms.Build.0 = Debug|x86
		{1EA1D741-C5D8-478B-A6FB-3DA8EF273845}.Debug|x86.ActiveCfg = Debug|x86
		{1EA1D741-C5D8-478B-A6FB-3DA8EF273845}.Debug|x86.Build.0 = Debug|x86
		{1EA1D741-C5D8-478B-A6FB-3DA8EF273845}.Release|Any CPU.ActiveCfg = Release|x86
		{1EA1D741-C5D8-478B-A6FB-3DA8EF273845}.Release|Mixed Platforms.ActiveCfg = Release|x86
		{1EA1D741-C5D8-478B-A6FB-3DA8EF273845}.Release|Mixed Platforms.Build.0 = Release|x86
		{1EA1D741-C5D8-478B-A6FB-3DA8EF273845}.Release|x86.ActiveCfg = Release|x86
		{1EA1D741-C5D8-478B-A6FB-3DA8EF273845}.Release|x86.Build.0 = Release|x86
		{FEDDA8B3-E90A-4F2A-86A4-EDA2250AF6CA}.Debug|Any CPU.ActiveCfg = Debug|x86
		{FEDDA8B3-E90A-4F2A-86A4-EDA2250AF6CA}.Debug|Mixed Platforms.ActiveCfg = Debug|x86
		{FEDDA8B3-E90A-4F2A-86A4-EDA2250AF6CA}.Debug|Mixed Platforms.Build.0 = Debug|x86
		{FEDDA8B3-E90A-4F2A-86A4-EDA2250AF6CA}.Debug|x86.ActiveCfg = Debug|x86
		{FEDDA8B3-E90A-4F2A-86A4-EDA2250AF6CA}.Debug|x86.Build.0 = Debug|x86
		{FEDDA8B3-E90A-4F2A-86A4-EDA2250AF6CA}.Release|Any CPU.ActiveCfg = Release|x86
		{FEDDA8B3-E90A-4F2A-86A4-EDA2250AF6CA}.Release|Mixed Platforms.ActiveCfg = Release|x86
		{FEDDA8B3-E90A-4F2A-86A4-EDA2250AF6CA}.Release|Mixed Platforms.Build.0 = Release|x86
		{FEDDA8B3-E90A-4F2A-86A4-EDA2250AF6CA}.Release|x86.ActiveCfg = Release|x86
		{FEDDA8B3-E90A-4F2A-86A4-EDA2250AF6CA}.Release|x86.Build.0 = Release|x86
	EndGlobalSection
	GlobalSection(SolutionProperties) = preSolution
		HideSolutionNode = FALSE
	EndGlobalSection
	GlobalSection(ExtensibilityGlobals) = postSolution
		VisualSVNWorkingCopyRoot = .
	EndGlobalSection
EndGlobal
